Microsoft Visual Studio Solution File, Format Version 12.00
# Visual Studio 15
VisualStudioVersion = 15.0.28010.2026
MinimumVisualStudioVersion = 10.0.40219.1
Project("{FAE04EC0-301F-11D3-BF4B-00C04F79EFBC}") = "Platform", "UI\Platform\Platform.csproj", "{41FC1D94-8B3F-482B-9648-96B685A9DA23}"
EndProject
Project("{FAE04EC0-301F-11D3-BF4B-00C04F79EFBC}") = "Framework", "UI\Framework\Framework.csproj", "{A7C60EF2-9F1B-4BD1-8D76-CA642A10860C}"
EndProject
Project("{FAE04EC0-301F-11D3-BF4B-00C04F79EFBC}") = "Xyz.WFM.BridgeDotNet.Main", "WFM\BridgeDotNet\Xyz.WFM.BridgeDotNet\Xyz.WFM.BridgeDotNet.Main.csproj", "{4FE6D9E9-3041-4FB2-BD0D-D05FB1C549C8}"
EndProject
Project("{FAE04EC0-301F-11D3-BF4B-00C04F79EFBC}") = "EngagementSetup", "UI\EngagementSetup\EngagementSetup.csproj", "{16F61987-3C13-49BA-A053-B6BB103A29D2}"
EndProject
Global
	GlobalSection(SolutionConfigurationPlatforms) = preSolution
		API Docs|Any CPU = API Docs|Any CPU
		API Docs|ARM = API Docs|ARM
		API Docs|ARM64 = API Docs|ARM64
		API Docs|x64 = API Docs|x64
		API Docs|x86 = API Docs|x86
		autotest_ms|Any CPU = autotest_ms|Any CPU
		autotest_ms|ARM = autotest_ms|ARM
		autotest_ms|ARM64 = autotest_ms|ARM64
		autotest_ms|x64 = autotest_ms|x64
		autotest_ms|x86 = autotest_ms|x86
		Debug|Any CPU = Debug|Any CPU
		Debug|ARM = Debug|ARM
		Debug|ARM64 = Debug|ARM64
		Debug|x64 = Debug|x64
		Debug|x86 = Debug|x86
		Debug-Dev|Any CPU = Debug-Dev|Any CPU
		Debug-Dev|ARM = Debug-Dev|ARM
		Debug-Dev|ARM64 = Debug-Dev|ARM64
		Debug-Dev|x64 = Debug-Dev|x64
		Debug-Dev|x86 = Debug-Dev|x86
		Release|Any CPU = Release|Any CPU
		Release|ARM = Release|ARM
		Release|ARM64 = Release|ARM64
		Release|x64 = Release|x64
		Release|x86 = Release|x86
	EndGlobalSection
	GlobalSection(ProjectConfigurationPlatforms) = postSolution
		{41FC1D94-8B3F-482B-9648-96B685A9DA23}.API Docs|Any CPU.ActiveCfg = API Docs|Any CPU
		{41FC1D94-8B3F-482B-9648-96B685A9DA23}.API Docs|Any CPU.Build.0 = API Docs|Any CPU
		{41FC1D94-8B3F-482B-9648-96B685A9DA23}.API Docs|ARM.ActiveCfg = API Docs|Any CPU
		{41FC1D94-8B3F-482B-9648-96B685A9DA23}.API Docs|ARM.Build.0 = API Docs|Any CPU
		{41FC1D94-8B3F-482B-9648-96B685A9DA23}.API Docs|ARM64.ActiveCfg = API Docs|Any CPU
		{41FC1D94-8B3F-482B-9648-96B685A9DA23}.API Docs|ARM64.Build.0 = API Docs|Any CPU
		{41FC1D94-8B3F-482B-9648-96B685A9DA23}.API Docs|x64.ActiveCfg = API Docs|Any CPU
		{41FC1D94-8B3F-482B-9648-96B685A9DA23}.API Docs|x64.Build.0 = API Docs|Any CPU
		{41FC1D94-8B3F-482B-9648-96B685A9DA23}.API Docs|x86.ActiveCfg = API Docs|Any CPU
		{41FC1D94-8B3F-482B-9648-96B685A9DA23}.API Docs|x86.Build.0 = API Docs|Any CPU
		{41FC1D94-8B3F-482B-9648-96B685A9DA23}.autotest_ms|Any CPU.ActiveCfg = Debug|Any CPU
		{41FC1D94-8B3F-482B-9648-96B685A9DA23}.autotest_ms|Any CPU.Build.0 = Debug|Any CPU
		{41FC1D94-8B3F-482B-9648-96B685A9DA23}.autotest_ms|ARM.ActiveCfg = API Docs|Any CPU
		{41FC1D94-8B3F-482B-9648-96B685A9DA23}.autotest_ms|ARM.Build.0 = API Docs|Any CPU
		{41FC1D94-8B3F-482B-9648-96B685A9DA23}.autotest_ms|ARM64.ActiveCfg = API Docs|Any CPU
		{41FC1D94-8B3F-482B-9648-96B685A9DA23}.autotest_ms|ARM64.Build.0 = API Docs|Any CPU
		{41FC1D94-8B3F-482B-9648-96B685A9DA23}.autotest_ms|x64.ActiveCfg = API Docs|Any CPU
		{41FC1D94-8B3F-482B-9648-96B685A9DA23}.autotest_ms|x64.Build.0 = API Docs|Any CPU
		{41FC1D94-8B3F-482B-9648-96B685A9DA23}.autotest_ms|x86.ActiveCfg = API Docs|Any CPU
		{41FC1D94-8B3F-482B-9648-96B685A9DA23}.autotest_ms|x86.Build.0 = API Docs|Any CPU
		{41FC1D94-8B3F-482B-9648-96B685A9DA23}.Debug|Any CPU.ActiveCfg = Debug|Any CPU
		{41FC1D94-8B3F-482B-9648-96B685A9DA23}.Debug|Any CPU.Build.0 = Debug|Any CPU
		{41FC1D94-8B3F-482B-9648-96B685A9DA23}.Debug|ARM.ActiveCfg = Debug|Any CPU
		{41FC1D94-8B3F-482B-9648-96B685A9DA23}.Debug|ARM.Build.0 = Debug|Any CPU
		{41FC1D94-8B3F-482B-9648-96B685A9DA23}.Debug|ARM64.ActiveCfg = Debug|Any CPU
		{41FC1D94-8B3F-482B-9648-96B685A9DA23}.Debug|ARM64.Build.0 = Debug|Any CPU
		{41FC1D94-8B3F-482B-9648-96B685A9DA23}.Debug|x64.ActiveCfg = Debug|Any CPU
		{41FC1D94-8B3F-482B-9648-96B685A9DA23}.Debug|x64.Build.0 = Debug|Any CPU
		{41FC1D94-8B3F-482B-9648-96B685A9DA23}.Debug|x86.ActiveCfg = Debug|Any CPU
		{41FC1D94-8B3F-482B-9648-96B685A9DA23}.Debug|x86.Build.0 = Debug|Any CPU
		{41FC1D94-8B3F-482B-9648-96B685A9DA23}.Debug-Dev|Any CPU.ActiveCfg = Debug|Any CPU
		{41FC1D94-8B3F-482B-9648-96B685A9DA23}.Debug-Dev|Any CPU.Build.0 = Debug|Any CPU
		{41FC1D94-8B3F-482B-9648-96B685A9DA23}.Debug-Dev|ARM.ActiveCfg = Debug|Any CPU
		{41FC1D94-8B3F-482B-9648-96B685A9DA23}.Debug-Dev|ARM.Build.0 = Debug|Any CPU
		{41FC1D94-8B3F-482B-9648-96B685A9DA23}.Debug-Dev|ARM64.ActiveCfg = Debug|Any CPU
		{41FC1D94-8B3F-482B-9648-96B685A9DA23}.Debug-Dev|ARM64.Build.0 = Debug|Any CPU
		{41FC1D94-8B3F-482B-9648-96B685A9DA23}.Debug-Dev|x64.ActiveCfg = Debug|Any CPU
		{41FC1D94-8B3F-482B-9648-96B685A9DA23}.Debug-Dev|x64.Build.0 = Debug|Any CPU
		{41FC1D94-8B3F-482B-9648-96B685A9DA23}.Debug-Dev|x86.ActiveCfg = Debug|Any CPU
		{41FC1D94-8B3F-482B-9648-96B685A9DA23}.Debug-Dev|x86.Build.0 = Debug|Any CPU
		{41FC1D94-8B3F-482B-9648-96B685A9DA23}.Release|Any CPU.ActiveCfg = Release|Any CPU
		{41FC1D94-8B3F-482B-9648-96B685A9DA23}.Release|Any CPU.Build.0 = Release|Any CPU
		{41FC1D94-8B3F-482B-9648-96B685A9DA23}.Release|ARM.ActiveCfg = Release|Any CPU
		{41FC1D94-8B3F-482B-9648-96B685A9DA23}.Release|ARM.Build.0 = Release|Any CPU
		{41FC1D94-8B3F-482B-9648-96B685A9DA23}.Release|ARM64.ActiveCfg = Release|Any CPU
		{41FC1D94-8B3F-482B-9648-96B685A9DA23}.Release|ARM64.Build.0 = Release|Any CPU
		{41FC1D94-8B3F-482B-9648-96B685A9DA23}.Release|x64.ActiveCfg = Release|Any CPU
		{41FC1D94-8B3F-482B-9648-96B685A9DA23}.Release|x64.Build.0 = Release|Any CPU
		{41FC1D94-8B3F-482B-9648-96B685A9DA23}.Release|x86.ActiveCfg = Release|Any CPU
		{41FC1D94-8B3F-482B-9648-96B685A9DA23}.Release|x86.Build.0 = Release|Any CPU
		{A7C60EF2-9F1B-4BD1-8D76-CA642A10860C}.API Docs|Any CPU.ActiveCfg = Debug|Any CPU
		{A7C60EF2-9F1B-4BD1-8D76-CA642A10860C}.API Docs|Any CPU.Build.0 = Debug|Any CPU
		{A7C60EF2-9F1B-4BD1-8D76-CA642A10860C}.API Docs|ARM.ActiveCfg = Release|Any CPU
		{A7C60EF2-9F1B-4BD1-8D76-CA642A10860C}.API Docs|ARM.Build.0 = Release|Any CPU
		{A7C60EF2-9F1B-4BD1-8D76-CA642A10860C}.API Docs|ARM64.ActiveCfg = Release|Any CPU
		{A7C60EF2-9F1B-4BD1-8D76-CA642A10860C}.API Docs|ARM64.Build.0 = Release|Any CPU
		{A7C60EF2-9F1B-4BD1-8D76-CA642A10860C}.API Docs|x64.ActiveCfg = Release|Any CPU
		{A7C60EF2-9F1B-4BD1-8D76-CA642A10860C}.API Docs|x64.Build.0 = Release|Any CPU
		{A7C60EF2-9F1B-4BD1-8D76-CA642A10860C}.API Docs|x86.ActiveCfg = Release|Any CPU
		{A7C60EF2-9F1B-4BD1-8D76-CA642A10860C}.API Docs|x86.Build.0 = Release|Any CPU
		{A7C60EF2-9F1B-4BD1-8D76-CA642A10860C}.autotest_ms|Any CPU.ActiveCfg = Debug|Any CPU
		{A7C60EF2-9F1B-4BD1-8D76-CA642A10860C}.autotest_ms|Any CPU.Build.0 = Debug|Any CPU
		{A7C60EF2-9F1B-4BD1-8D76-CA642A10860C}.autotest_ms|ARM.ActiveCfg = Release|Any CPU
		{A7C60EF2-9F1B-4BD1-8D76-CA642A10860C}.autotest_ms|ARM.Build.0 = Release|Any CPU
		{A7C60EF2-9F1B-4BD1-8D76-CA642A10860C}.autotest_ms|ARM64.ActiveCfg = Release|Any CPU
		{A7C60EF2-9F1B-4BD1-8D76-CA642A10860C}.autotest_ms|ARM64.Build.0 = Release|Any CPU
		{A7C60EF2-9F1B-4BD1-8D76-CA642A10860C}.autotest_ms|x64.ActiveCfg = Release|Any CPU
		{A7C60EF2-9F1B-4BD1-8D76-CA642A10860C}.autotest_ms|x64.Build.0 = Release|Any CPU
		{A7C60EF2-9F1B-4BD1-8D76-CA642A10860C}.autotest_ms|x86.ActiveCfg = Release|Any CPU
		{A7C60EF2-9F1B-4BD1-8D76-CA642A10860C}.autotest_ms|x86.Build.0 = Release|Any CPU
		{A7C60EF2-9F1B-4BD1-8D76-CA642A10860C}.Debug|Any CPU.ActiveCfg = Debug|Any CPU
		{A7C60EF2-9F1B-4BD1-8D76-CA642A10860C}.Debug|Any CPU.Build.0 = Debug|Any CPU
		{A7C60EF2-9F1B-4BD1-8D76-CA642A10860C}.Debug|ARM.ActiveCfg = Debug|Any CPU
		{A7C60EF2-9F1B-4BD1-8D76-CA642A10860C}.Debug|ARM.Build.0 = Debug|Any CPU
		{A7C60EF2-9F1B-4BD1-8D76-CA642A10860C}.Debug|ARM64.ActiveCfg = Debug|Any CPU
		{A7C60EF2-9F1B-4BD1-8D76-CA642A10860C}.Debug|ARM64.Build.0 = Debug|Any CPU
		{A7C60EF2-9F1B-4BD1-8D76-CA642A10860C}.Debug|x64.ActiveCfg = Debug|Any CPU
		{A7C60EF2-9F1B-4BD1-8D76-CA642A10860C}.Debug|x64.Build.0 = Debug|Any CPU
		{A7C60EF2-9F1B-4BD1-8D76-CA642A10860C}.Debug|x86.ActiveCfg = Debug|Any CPU
		{A7C60EF2-9F1B-4BD1-8D76-CA642A10860C}.Debug|x86.Build.0 = Debug|Any CPU
		{A7C60EF2-9F1B-4BD1-8D76-CA642A10860C}.Debug-Dev|Any CPU.ActiveCfg = Debug|Any CPU
		{A7C60EF2-9F1B-4BD1-8D76-CA642A10860C}.Debug-Dev|Any CPU.Build.0 = Debug|Any CPU
		{A7C60EF2-9F1B-4BD1-8D76-CA642A10860C}.Debug-Dev|ARM.ActiveCfg = Debug|Any CPU
		{A7C60EF2-9F1B-4BD1-8D76-CA642A10860C}.Debug-Dev|ARM.Build.0 = Debug|Any CPU
		{A7C60EF2-9F1B-4BD1-8D76-CA642A10860C}.Debug-Dev|ARM64.ActiveCfg = Debug|Any CPU
		{A7C60EF2-9F1B-4BD1-8D76-CA642A10860C}.Debug-Dev|ARM64.Build.0 = Debug|Any CPU
		{A7C60EF2-9F1B-4BD1-8D76-CA642A10860C}.Debug-Dev|x64.ActiveCfg = Debug|Any CPU
		{A7C60EF2-9F1B-4BD1-8D76-CA642A10860C}.Debug-Dev|x64.Build.0 = Debug|Any CPU
		{A7C60EF2-9F1B-4BD1-8D76-CA642A10860C}.Debug-Dev|x86.ActiveCfg = Debug|Any CPU
		{A7C60EF2-9F1B-4BD1-8D76-CA642A10860C}.Debug-Dev|x86.Build.0 = Debug|Any CPU
		{A7C60EF2-9F1B-4BD1-8D76-CA642A10860C}.Release|Any CPU.ActiveCfg = Release|Any CPU
		{A7C60EF2-9F1B-4BD1-8D76-CA642A10860C}.Release|Any CPU.Build.0 = Release|Any CPU
		{A7C60EF2-9F1B-4BD1-8D76-CA642A10860C}.Release|ARM.ActiveCfg = Release|Any CPU
		{A7C60EF2-9F1B-4BD1-8D76-CA642A10860C}.Release|ARM.Build.0 = Release|Any CPU
		{A7C60EF2-9F1B-4BD1-8D76-CA642A10860C}.Release|ARM64.ActiveCfg = Release|Any CPU
		{A7C60EF2-9F1B-4BD1-8D76-CA642A10860C}.Release|ARM64.Build.0 = Release|Any CPU
		{A7C60EF2-9F1B-4BD1-8D76-CA642A10860C}.Release|x64.ActiveCfg = Release|Any CPU
		{A7C60EF2-9F1B-4BD1-8D76-CA642A10860C}.Release|x64.Build.0 = Release|Any CPU
		{A7C60EF2-9F1B-4BD1-8D76-CA642A10860C}.Release|x86.ActiveCfg = Release|Any CPU
		{A7C60EF2-9F1B-4BD1-8D76-CA642A10860C}.Release|x86.Build.0 = Release|Any CPU
		{4FE6D9E9-3041-4FB2-BD0D-D05FB1C549C8}.API Docs|Any CPU.ActiveCfg = Release|Any CPU
		{4FE6D9E9-3041-4FB2-BD0D-D05FB1C549C8}.API Docs|Any CPU.Build.0 = Release|Any CPU
		{4FE6D9E9-3041-4FB2-BD0D-D05FB1C549C8}.API Docs|ARM.ActiveCfg = Debug|Any CPU
		{4FE6D9E9-3041-4FB2-BD0D-D05FB1C549C8}.API Docs|ARM.Build.0 = Debug|Any CPU
		{4FE6D9E9-3041-4FB2-BD0D-D05FB1C549C8}.API Docs|ARM64.ActiveCfg = Debug|Any CPU
		{4FE6D9E9-3041-4FB2-BD0D-D05FB1C549C8}.API Docs|ARM64.Build.0 = Debug|Any CPU
		{4FE6D9E9-3041-4FB2-BD0D-D05FB1C549C8}.API Docs|x64.ActiveCfg = Debug|Any CPU
		{4FE6D9E9-3041-4FB2-BD0D-D05FB1C549C8}.API Docs|x64.Build.0 = Debug|Any CPU
		{4FE6D9E9-3041-4FB2-BD0D-D05FB1C549C8}.API Docs|x86.ActiveCfg = Debug|Any CPU
		{4FE6D9E9-3041-4FB2-BD0D-D05FB1C549C8}.API Docs|x86.Build.0 = Debug|Any CPU
		{4FE6D9E9-3041-4FB2-BD0D-D05FB1C549C8}.autotest_ms|Any CPU.ActiveCfg = Release|Any CPU
		{4FE6D9E9-3041-4FB2-BD0D-D05FB1C549C8}.autotest_ms|Any CPU.Build.0 = Release|Any CPU
		{4FE6D9E9-3041-4FB2-BD0D-D05FB1C549C8}.autotest_ms|ARM.ActiveCfg = Debug|Any CPU
		{4FE6D9E9-3041-4FB2-BD0D-D05FB1C549C8}.autotest_ms|ARM.Build.0 = Debug|Any CPU
		{4FE6D9E9-3041-4FB2-BD0D-D05FB1C549C8}.autotest_ms|ARM64.ActiveCfg = Debug|Any CPU
		{4FE6D9E9-3041-4FB2-BD0D-D05FB1C549C8}.autotest_ms|ARM64.Build.0 = Debug|Any CPU
		{4FE6D9E9-3041-4FB2-BD0D-D05FB1C549C8}.autotest_ms|x64.ActiveCfg = Debug|Any CPU
		{4FE6D9E9-3041-4FB2-BD0D-D05FB1C549C8}.autotest_ms|x64.Build.0 = Debug|Any CPU
		{4FE6D9E9-3041-4FB2-BD0D-D05FB1C549C8}.autotest_ms|x86.ActiveCfg = Debug|Any CPU
		{4FE6D9E9-3041-4FB2-BD0D-D05FB1C549C8}.autotest_ms|x86.Build.0 = Debug|Any CPU
		{4FE6D9E9-3041-4FB2-BD0D-D05FB1C549C8}.Debug|Any CPU.ActiveCfg = Debug|Any CPU
		{4FE6D9E9-3041-4FB2-BD0D-D05FB1C549C8}.Debug|Any CPU.Build.0 = Debug|Any CPU
		{4FE6D9E9-3041-4FB2-BD0D-D05FB1C549C8}.Debug|ARM.ActiveCfg = Debug|Any CPU
		{4FE6D9E9-3041-4FB2-BD0D-D05FB1C549C8}.Debug|ARM.Build.0 = Debug|Any CPU
		{4FE6D9E9-3041-4FB2-BD0D-D05FB1C549C8}.Debug|ARM64.ActiveCfg = Debug|Any CPU
		{4FE6D9E9-3041-4FB2-BD0D-D05FB1C549C8}.Debug|ARM64.Build.0 = Debug|Any CPU
		{4FE6D9E9-3041-4FB2-BD0D-D05FB1C549C8}.Debug|x64.ActiveCfg = Debug|Any CPU
		{4FE6D9E9-3041-4FB2-BD0D-D05FB1C549C8}.Debug|x64.Build.0 = Debug|Any CPU
		{4FE6D9E9-3041-4FB2-BD0D-D05FB1C549C8}.Debug|x86.ActiveCfg = Debug|Any CPU
		{4FE6D9E9-3041-4FB2-BD0D-D05FB1C549C8}.Debug|x86.Build.0 = Debug|Any CPU
		{4FE6D9E9-3041-4FB2-BD0D-D05FB1C549C8}.Debug-Dev|Any CPU.ActiveCfg = Debug|Any CPU
		{4FE6D9E9-3041-4FB2-BD0D-D05FB1C549C8}.Debug-Dev|Any CPU.Build.0 = Debug|Any CPU
		{4FE6D9E9-3041-4FB2-BD0D-D05FB1C549C8}.Debug-Dev|ARM.ActiveCfg = Debug|Any CPU
		{4FE6D9E9-3041-4FB2-BD0D-D05FB1C549C8}.Debug-Dev|ARM.Build.0 = Debug|Any CPU
		{4FE6D9E9-3041-4FB2-BD0D-D05FB1C549C8}.Debug-Dev|ARM64.ActiveCfg = Debug|Any CPU
		{4FE6D9E9-3041-4FB2-BD0D-D05FB1C549C8}.Debug-Dev|ARM64.Build.0 = Debug|Any CPU
		{4FE6D9E9-3041-4FB2-BD0D-D05FB1C549C8}.Debug-Dev|x64.ActiveCfg = Debug|Any CPU
		{4FE6D9E9-3041-4FB2-BD0D-D05FB1C549C8}.Debug-Dev|x64.Build.0 = Debug|Any CPU
		{4FE6D9E9-3041-4FB2-BD0D-D05FB1C549C8}.Debug-Dev|x86.ActiveCfg = Debug|Any CPU
		{4FE6D9E9-3041-4FB2-BD0D-D05FB1C549C8}.Debug-Dev|x86.Build.0 = Debug|Any CPU
		{4FE6D9E9-3041-4FB2-BD0D-D05FB1C549C8}.Release|Any CPU.ActiveCfg = Release|Any CPU
		{4FE6D9E9-3041-4FB2-BD0D-D05FB1C549C8}.Release|Any CPU.Build.0 = Release|Any CPU
		{4FE6D9E9-3041-4FB2-BD0D-D05FB1C549C8}.Release|ARM.ActiveCfg = Release|Any CPU
		{4FE6D9E9-3041-4FB2-BD0D-D05FB1C549C8}.Release|ARM.Build.0 = Release|Any CPU
		{4FE6D9E9-3041-4FB2-BD0D-D05FB1C549C8}.Release|ARM64.ActiveCfg = Release|Any CPU
		{4FE6D9E9-3041-4FB2-BD0D-D05FB1C549C8}.Release|ARM64.Build.0 = Release|Any CPU
		{4FE6D9E9-3041-4FB2-BD0D-D05FB1C549C8}.Release|x64.ActiveCfg = Release|Any CPU
		{4FE6D9E9-3041-4FB2-BD0D-D05FB1C549C8}.Release|x64.Build.0 = Release|Any CPU
		{4FE6D9E9-3041-4FB2-BD0D-D05FB1C549C8}.Release|x86.ActiveCfg = Release|Any CPU
		{4FE6D9E9-3041-4FB2-BD0D-D05FB1C549C8}.Release|x86.Build.0 = Release|Any CPU
		{16F61987-3C13-49BA-A053-B6BB103A29D2}.API Docs|Any CPU.ActiveCfg = Release|Any CPU
		{16F61987-3C13-49BA-A053-B6BB103A29D2}.API Docs|Any CPU.Build.0 = Release|Any CPU
		{16F61987-3C13-49BA-A053-B6BB103A29D2}.API Docs|ARM.ActiveCfg = Release|Any CPU
		{16F61987-3C13-49BA-A053-B6BB103A29D2}.API Docs|ARM.Build.0 = Release|Any CPU
		{16F61987-3C13-49BA-A053-B6BB103A29D2}.API Docs|ARM64.ActiveCfg = Release|Any CPU
		{16F61987-3C13-49BA-A053-B6BB103A29D2}.API Docs|ARM64.Build.0 = Release|Any CPU
		{16F61987-3C13-49BA-A053-B6BB103A29D2}.API Docs|x64.ActiveCfg = Release|Any CPU
		{16F61987-3C13-49BA-A053-B6BB103A29D2}.API Docs|x64.Build.0 = Release|Any CPU
		{16F61987-3C13-49BA-A053-B6BB103A29D2}.API Docs|x86.ActiveCfg = Release|Any CPU
		{16F61987-3C13-49BA-A053-B6BB103A29D2}.API Docs|x86.Build.0 = Release|Any CPU
		{16F61987-3C13-49BA-A053-B6BB103A29D2}.autotest_ms|Any CPU.ActiveCfg = Release|Any CPU
		{16F61987-3C13-49BA-A053-B6BB103A29D2}.autotest_ms|Any CPU.Build.0 = Release|Any CPU
		{16F61987-3C13-49BA-A053-B6BB103A29D2}.autotest_ms|ARM.ActiveCfg = Release|Any CPU
		{16F61987-3C13-49BA-A053-B6BB103A29D2}.autotest_ms|ARM.Build.0 = Release|Any CPU
		{16F61987-3C13-49BA-A053-B6BB103A29D2}.autotest_ms|ARM64.ActiveCfg = Release|Any CPU
		{16F61987-3C13-49BA-A053-B6BB103A29D2}.autotest_ms|ARM64.Build.0 = Release|Any CPU
		{16F61987-3C13-49BA-A053-B6BB103A29D2}.autotest_ms|x64.ActiveCfg = Release|Any CPU
		{16F61987-3C13-49BA-A053-B6BB103A29D2}.autotest_ms|x64.Build.0 = Release|Any CPU
		{16F61987-3C13-49BA-A053-B6BB103A29D2}.autotest_ms|x86.ActiveCfg = Release|Any CPU
		{16F61987-3C13-49BA-A053-B6BB103A29D2}.autotest_ms|x86.Build.0 = Release|Any CPU
		{16F61987-3C13-49BA-A053-B6BB103A29D2}.Debug|Any CPU.ActiveCfg = Debug|Any CPU
		{16F61987-3C13-49BA-A053-B6BB103A29D2}.Debug|Any CPU.Build.0 = Debug|Any CPU
		{16F61987-3C13-49BA-A053-B6BB103A29D2}.Debug|ARM.ActiveCfg = Debug|Any CPU
		{16F61987-3C13-49BA-A053-B6BB103A29D2}.Debug|ARM.Build.0 = Debug|Any CPU
		{16F61987-3C13-49BA-A053-B6BB103A29D2}.Debug|ARM64.ActiveCfg = Debug|Any CPU
		{16F61987-3C13-49BA-A053-B6BB103A29D2}.Debug|ARM64.Build.0 = Debug|Any CPU
		{16F61987-3C13-49BA-A053-B6BB103A29D2}.Debug|x64.ActiveCfg = Debug|Any CPU
		{16F61987-3C13-49BA-A053-B6BB103A29D2}.Debug|x64.Build.0 = Debug|Any CPU
		{16F61987-3C13-49BA-A053-B6BB103A29D2}.Debug|x86.ActiveCfg = Debug|Any CPU
		{16F61987-3C13-49BA-A053-B6BB103A29D2}.Debug|x86.Build.0 = Debug|Any CPU
		{16F61987-3C13-49BA-A053-B6BB103A29D2}.Debug-Dev|Any CPU.ActiveCfg = Debug|Any CPU
		{16F61987-3C13-49BA-A053-B6BB103A29D2}.Debug-Dev|Any CPU.Build.0 = Debug|Any CPU
		{16F61987-3C13-49BA-A053-B6BB103A29D2}.Debug-Dev|ARM.ActiveCfg = Debug|Any CPU
		{16F61987-3C13-49BA-A053-B6BB103A29D2}.Debug-Dev|ARM.Build.0 = Debug|Any CPU
		{16F61987-3C13-49BA-A053-B6BB103A29D2}.Debug-Dev|ARM64.ActiveCfg = Debug|Any CPU
		{16F61987-3C13-49BA-A053-B6BB103A29D2}.Debug-Dev|ARM64.Build.0 = Debug|Any CPU
		{16F61987-3C13-49BA-A053-B6BB103A29D2}.Debug-Dev|x64.ActiveCfg = Debug|Any CPU
		{16F61987-3C13-49BA-A053-B6BB103A29D2}.Debug-Dev|x64.Build.0 = Debug|Any CPU
		{16F61987-3C13-49BA-A053-B6BB103A29D2}.Debug-Dev|x86.ActiveCfg = Debug|Any CPU
		{16F61987-3C13-49BA-A053-B6BB103A29D2}.Debug-Dev|x86.Build.0 = Debug|Any CPU
		{16F61987-3C13-49BA-A053-B6BB103A29D2}.Release|Any CPU.ActiveCfg = Release|Any CPU
		{16F61987-3C13-49BA-A053-B6BB103A29D2}.Release|Any CPU.Build.0 = Release|Any CPU
		{16F61987-3C13-49BA-A053-B6BB103A29D2}.Release|ARM.ActiveCfg = Release|Any CPU
		{16F61987-3C13-49BA-A053-B6BB103A29D2}.Release|ARM.Build.0 = Release|Any CPU
		{16F61987-3C13-49BA-A053-B6BB103A29D2}.Release|ARM64.ActiveCfg = Release|Any CPU
		{16F61987-3C13-49BA-A053-B6BB103A29D2}.Release|ARM64.Build.0 = Release|Any CPU
		{16F61987-3C13-49BA-A053-B6BB103A29D2}.Release|x64.ActiveCfg = Release|Any CPU
		{16F61987-3C13-49BA-A053-B6BB103A29D2}.Release|x64.Build.0 = Release|Any CPU
		{16F61987-3C13-49BA-A053-B6BB103A29D2}.Release|x86.ActiveCfg = Release|Any CPU
		{16F61987-3C13-49BA-A053-B6BB103A29D2}.Release|x86.Build.0 = Release|Any CPU
	EndGlobalSection
	GlobalSection(SolutionProperties) = preSolution
		HideSolutionNode = FALSE
	EndGlobalSection
	GlobalSection(ExtensibilityGlobals) = postSolution
		SolutionGuid = {6FBE2C7C-DCEA-4F88-BF8E-FF4927DEFBE5}
	EndGlobalSection
EndGlobal
